{
  "name": "glogg-vite-plugin",
  "version": "1.0.0",
  "lockfileVersion": 3,
  "requires": true,
  "packages": {
    "": {
      "name": "glogg-vite-plugin",
      "version": "1.0.0",
      "license": "BSD-3-Clause",
      "devDependencies": {
        "prettier": "^3.5.2"
      },
      "peerDependencies": {
        "glogg-lang": "file:../glogg"
      }
    },
    "../glogg": {
      "name": "glogg-lang",
      "version": "0.1.0",
      "license": "BSD-3-Clause",
      "peer": true,
      "dependencies": {
        "sqlite3": "^5.1.6"
      },
      "bin": {
        "glg": "bin/glg"
      },
      "devDependencies": {
        "mocha": "^11.1.0",
        "prettier": "^3.5.0"
      }
    },
    "node_modules/glogg-lang": {
      "resolved": "../glogg",
      "link": true
    },
    "node_modules/prettier": {
      "version": "3.5.2",
      "resolved": "https://registry.npmjs.org/prettier/-/prettier-3.5.2.tgz",
      "integrity": "sha512-lc6npv5PH7hVqozBR7lkBNOGXV9vMwROAPlumdBkX0wTbbzPu/U1hk5yL8p2pt4Xoc+2mkT8t/sow2YrV/M5qg==",
      "dev": true,
      "license": "MIT",
      "bin": {
        "prettier": "bin/prettier.cjs"
      },
      "engines": {
        "node": ">=14"
      },
      "funding": {
        "url": "https://github.com/prettier/prettier?sponsor=1"
      }
    }
  }
}
